PODS:
  - FloatingButtonPOP-swift (1.0.0)
  - Mockingjay (2.0.1):
    - Mockingjay/Core (= 2.0.1)
    - Mockingjay/XCTest (= 2.0.1)
  - Mockingjay/Core (2.0.1):
    - URITemplate (~> 2.0)
  - Mockingjay/XCTest (2.0.1):
    - Mockingjay/Core
  - URITemplate (2.0.3)

DEPENDENCIES:
  - FloatingButtonPOP-swift
  - Mockingjay

SPEC REPOS:
  trunk:
    - FloatingButtonPOP-swift
    - Mockingjay
    - URITemplate

SPEC CHECKSUMS:
  FloatingButtonPOP-swift: 406bc011ed894f1c5f2b59a679ca0fad2d2452db
  Mockingjay: 11a621880d2887f1775bdcf824341eb68f218450
  URITemplate: ace0c4c46dcf8afe6e89b4060621852886b15c3b

PODFILE CHECKSUM: 7cb7901f47aa93ade0288a1ff74254cff1850f3a

COCOAPODS: 1.8.4
